
Microsoft Visual Studio Solution File, Format Version 12.00
# Visual Studio Version 16
VisualStudioVersion = 16.0.29609.76
MinimumVisualStudioVersion = 10.0.40219.1
Project("{2150E333-8FDC-42A3-9474-1A3956D46DE8}") = "auditorias", "auditorias", "{AADDE45C-21BD-4F30-B0A7-B3FA1C5B8F9C}"
EndProject
Project("{2150E333-8FDC-42A3-9474-1A3956D46DE8}") = "nominas", "nominas", "{FC3E0620-4A15-484A-ABCE-717D74D3119A}"
EndProject
Project("{2150E333-8FDC-42A3-9474-1A3956D46DE8}") = "suficiencias", "suficiencias", "{9C1B3368-06A2-4F52-9909-290371C8C5CF}"
EndProject
Project("{2150E333-8FDC-42A3-9474-1A3956D46DE8}") = "common", "common", "{B3D25075-5CEA-4196-A065-8B2418C0F58B}"
EndProject
Project("{2150E333-8FDC-42A3-9474-1A3956D46DE8}") = "backend", "backend", "{C382A200-A6D2-4B05-971B-5A8C205F2DD5}"
EndProject
Project("{2150E333-8FDC-42A3-9474-1A3956D46DE8}") = "services", "services", "{70EB4453-ADF0-4E96-AF27-5E8DF374C526}"
EndProject
Project("{2150E333-8FDC-42A3-9474-1A3956D46DE8}") = "backend", "backend", "{DA48A848-1005-48A2-8AF7-503D52CBEC50}"
EndProject
Project("{2150E333-8FDC-42A3-9474-1A3956D46DE8}") = "services", "services", "{8A70861D-4566-4F52-BFE3-3187F87F57E7}"
EndProject
Project("{2150E333-8FDC-42A3-9474-1A3956D46DE8}") = "backend", "backend", "{B0200D7D-B870-46C6-A9A0-2DE162D76FA3}"
EndProject
Project("{2150E333-8FDC-42A3-9474-1A3956D46DE8}") = "services", "services", "{83DB7E60-7B73-4EB8-BDE3-5EFFD8237B50}"
EndProject
Project("{2150E333-8FDC-42A3-9474-1A3956D46DE8}") = "backend", "backend", "{0FAD1331-46C0-41C0-81B3-8A829134B128}"
EndProject
Project("{2150E333-8FDC-42A3-9474-1A3956D46DE8}") = "services", "services", "{65684D0D-8EFD-4FC3-A92A-FCE216FAB08A}"
EndProject
Project("{2150E333-8FDC-42A3-9474-1A3956D46DE8}") = "database", "database", "{F2D87FD5-2F38-4533-B33D-E0E143BA3959}"
EndProject
Project("{9A19103F-16F7-4668-BE54-9A1E7A4F7556}") = "Models", "common\backend\database\Models\Models.csproj", "{BE40F6C6-54DC-4432-A9FB-4F1C328008EF}"
EndProject
Project("{9A19103F-16F7-4668-BE54-9A1E7A4F7556}") = "GatewayService", "auditorias\services\GatewayService\GatewayService.csproj", "{52C9D0A6-6F70-470D-A2A0-B208E0959063}"
EndProject
Project("{9A19103F-16F7-4668-BE54-9A1E7A4F7556}") = "GatewayService", "common\services\GatewayService\GatewayService.csproj", "{DA386225-E7CB-4EEA-9858-E44F2A800FB0}"
EndProject
Project("{9A19103F-16F7-4668-BE54-9A1E7A4F7556}") = "GatewayService", "nominas\services\GatewayService\GatewayService.csproj", "{F2CFAC6F-2280-496C-93B7-2D98153083E5}"
EndProject
Project("{9A19103F-16F7-4668-BE54-9A1E7A4F7556}") = "GatewayService", "suficiencias\services\GatewayService\GatewayService.csproj", "{D9EE410D-798C-4E77-ACC1-1E482DD08534}"
EndProject
Project("{2150E333-8FDC-42A3-9474-1A3956D46DE8}") = "datos", "datos", "{D13EA81F-0973-4B4F-8909-41033A04D0A3}"
EndProject
Project("{2150E333-8FDC-42A3-9474-1A3956D46DE8}") = "negocio", "negocio", "{8F934963-6455-42B6-9960-8B2B3D9273D5}"
EndProject
Project("{2150E333-8FDC-42A3-9474-1A3956D46DE8}") = "datos", "datos", "{60EEDB85-5EC2-4C8A-8E63-89DFECEF2728}"
EndProject
Project("{2150E333-8FDC-42A3-9474-1A3956D46DE8}") = "negocio", "negocio", "{C15317A4-FB7E-4B88-90B4-194F805D6DF8}"
EndProject
Project("{2150E333-8FDC-42A3-9474-1A3956D46DE8}") = "datos", "datos", "{F4901BAC-6256-43FB-9A35-47C3E19A3B7C}"
EndProject
Project("{2150E333-8FDC-42A3-9474-1A3956D46DE8}") = "negocio", "negocio", "{737E868B-3A10-48C6-84A3-F0B78A99B2AF}"
EndProject
Project("{9A19103F-16F7-4668-BE54-9A1E7A4F7556}") = "auditorias_acceso_datos", "auditorias\backend\datos\acceso_datos\auditorias_acceso_datos.csproj", "{1D584CBB-B33C-4533-AC9A-DE363C8268DF}"
EndProject
Project("{9A19103F-16F7-4668-BE54-9A1E7A4F7556}") = "auditorias_negocio", "auditorias\backend\negocio\backend_negocio\auditorias_negocio.csproj", "{5467793B-BC3C-42A1-949C-60306B532864}"
EndProject
Project("{9A19103F-16F7-4668-BE54-9A1E7A4F7556}") = "nominas_acceso_datos", "nominas\backend\datos\nominas_acceso_datos\nominas_acceso_datos.csproj", "{1B530328-2D0C-4040-A719-88CDFE9EFA33}"
EndProject
Project("{9A19103F-16F7-4668-BE54-9A1E7A4F7556}") = "nominas_negocio", "nominas\backend\negocio\nominas_negocio\nominas_negocio.csproj", "{A1C0AD02-3574-48FA-B916-331C01A119A3}"
EndProject
Project("{2150E333-8FDC-42A3-9474-1A3956D46DE8}") = "datos", "datos", "{CF4C8424-E5FA-4B71-82AA-970A69F4B839}"
EndProject
Project("{2150E333-8FDC-42A3-9474-1A3956D46DE8}") = "negocio", "negocio", "{00347DA4-98B8-4F93-9BD3-E2D2C61451FD}"
EndProject
Project("{9A19103F-16F7-4668-BE54-9A1E7A4F7556}") = "suficiencias_acceso_datos", "suficiencias\backend\datos\suficiencias_acceso_datos\suficiencias_acceso_datos.csproj", "{5C035D91-665F-42C2-B452-C8CEECA3C4D6}"
EndProject
Project("{9A19103F-16F7-4668-BE54-9A1E7A4F7556}") = "suficiencias_negocio", "suficiencias\backend\negocio\suficiencias_negocio\suficiencias_negocio.csproj", "{9B246DF8-1388-4E26-B6CF-F8B33983D996}"
EndProject
Project("{9A19103F-16F7-4668-BE54-9A1E7A4F7556}") = "common_acceso_datos", "common\backend\datos\common_acceso_datos\common_acceso_datos.csproj", "{FF00F17C-8DBA-44C4-B82E-45891DAD3D86}"
EndProject
Project("{9A19103F-16F7-4668-BE54-9A1E7A4F7556}") = "common_negocio", "common\backend\negocio\common_negocio\common_negocio.csproj", "{FED9D169-9E88-4300-AFF8-FD03D3D6C434}"
EndProject
Project("{9A19103F-16F7-4668-BE54-9A1E7A4F7556}") = "AuditoriasService", "auditorias\services\AuditoriasService\AuditoriasService.csproj", "{7F202C2C-8A4B-499B-988C-43AA80EEF231}"
EndProject
Project("{9A19103F-16F7-4668-BE54-9A1E7A4F7556}") = "UsuariosService", "common\services\UsuariosService\UsuariosService.csproj", "{EDD25A8A-36E1-45C1-AB38-B8DB14DD45DC}"
EndProject
Project("{9A19103F-16F7-4668-BE54-9A1E7A4F7556}") = "AdjuntosService", "common\services\AdjuntosService\AdjuntosService.csproj", "{6AE58DC2-1941-4EE6-B4DB-3EE487DA650E}"
EndProject
Project("{9A19103F-16F7-4668-BE54-9A1E7A4F7556}") = "CatalogosService", "auditorias\services\CatalogosService\CatalogosService.csproj", "{AF3F4BD1-DF2C-4D46-89EA-C4AF23F606B4}"
EndProject
Project("{9A19103F-16F7-4668-BE54-9A1E7A4F7556}") = "CatalogosService", "common\services\CatalogosService\CatalogosService.csproj", "{AAB72E09-CEED-471C-B33F-48E6511A12C1}"
EndProject
Project("{9A19103F-16F7-4668-BE54-9A1E7A4F7556}") = "SuficienciasService", "SuficienciasService\SuficienciasService.csproj", "{814A4FE2-2F91-4D45-A76B-358BA682C68B}"
EndProject
Project("{9A19103F-16F7-4668-BE54-9A1E7A4F7556}") = "ObservacionesService", "common\services\ObservacionesService\ObservacionesService.csproj", "{6A0848C1-185E-4CE2-A28F-2A70318CD259}"
EndProject
Project("{FAE04EC0-301F-11D3-BF4B-00C04F79EFBC}") = "Connection", "common\backend\database\Connection\Connection.csproj", "{0F2CD6A1-23FE-4E38-89DF-7DF46FF71F0A}"
EndProject
Global
	GlobalSection(SolutionConfigurationPlatforms) = preSolution
		Debug|Any CPU = Debug|Any CPU
		Release|Any CPU = Release|Any CPU
	EndGlobalSection
	GlobalSection(ProjectConfigurationPlatforms) = postSolution
		{BE40F6C6-54DC-4432-A9FB-4F1C328008EF}.Debug|Any CPU.ActiveCfg = Debug|Any CPU
		{BE40F6C6-54DC-4432-A9FB-4F1C328008EF}.Debug|Any CPU.Build.0 = Debug|Any CPU
		{BE40F6C6-54DC-4432-A9FB-4F1C328008EF}.Release|Any CPU.ActiveCfg = Release|Any CPU
		{BE40F6C6-54DC-4432-A9FB-4F1C328008EF}.Release|Any CPU.Build.0 = Release|Any CPU
		{52C9D0A6-6F70-470D-A2A0-B208E0959063}.Debug|Any CPU.ActiveCfg = Debug|Any CPU
		{52C9D0A6-6F70-470D-A2A0-B208E0959063}.Debug|Any CPU.Build.0 = Debug|Any CPU
		{52C9D0A6-6F70-470D-A2A0-B208E0959063}.Release|Any CPU.ActiveCfg = Release|Any CPU
		{52C9D0A6-6F70-470D-A2A0-B208E0959063}.Release|Any CPU.Build.0 = Release|Any CPU
		{DA386225-E7CB-4EEA-9858-E44F2A800FB0}.Debug|Any CPU.ActiveCfg = Debug|Any CPU
		{DA386225-E7CB-4EEA-9858-E44F2A800FB0}.Debug|Any CPU.Build.0 = Debug|Any CPU
		{DA386225-E7CB-4EEA-9858-E44F2A800FB0}.Release|Any CPU.ActiveCfg = Release|Any CPU
		{DA386225-E7CB-4EEA-9858-E44F2A800FB0}.Release|Any CPU.Build.0 = Release|Any CPU
		{F2CFAC6F-2280-496C-93B7-2D98153083E5}.Debug|Any CPU.ActiveCfg = Debug|Any CPU
		{F2CFAC6F-2280-496C-93B7-2D98153083E5}.Debug|Any CPU.Build.0 = Debug|Any CPU
		{F2CFAC6F-2280-496C-93B7-2D98153083E5}.Release|Any CPU.ActiveCfg = Release|Any CPU
		{F2CFAC6F-2280-496C-93B7-2D98153083E5}.Release|Any CPU.Build.0 = Release|Any CPU
		{D9EE410D-798C-4E77-ACC1-1E482DD08534}.Debug|Any CPU.ActiveCfg = Debug|Any CPU
		{D9EE410D-798C-4E77-ACC1-1E482DD08534}.Debug|Any CPU.Build.0 = Debug|Any CPU
		{D9EE410D-798C-4E77-ACC1-1E482DD08534}.Release|Any CPU.ActiveCfg = Release|Any CPU
		{D9EE410D-798C-4E77-ACC1-1E482DD08534}.Release|Any CPU.Build.0 = Release|Any CPU
		{1D584CBB-B33C-4533-AC9A-DE363C8268DF}.Debug|Any CPU.ActiveCfg = Debug|Any CPU
		{1D584CBB-B33C-4533-AC9A-DE363C8268DF}.Debug|Any CPU.Build.0 = Debug|Any CPU
		{1D584CBB-B33C-4533-AC9A-DE363C8268DF}.Release|Any CPU.ActiveCfg = Release|Any CPU
		{1D584CBB-B33C-4533-AC9A-DE363C8268DF}.Release|Any CPU.Build.0 = Release|Any CPU
		{5467793B-BC3C-42A1-949C-60306B532864}.Debug|Any CPU.ActiveCfg = Debug|Any CPU
		{5467793B-BC3C-42A1-949C-60306B532864}.Debug|Any CPU.Build.0 = Debug|Any CPU
		{5467793B-BC3C-42A1-949C-60306B532864}.Release|Any CPU.ActiveCfg = Release|Any CPU
		{5467793B-BC3C-42A1-949C-60306B532864}.Release|Any CPU.Build.0 = Release|Any CPU
		{1B530328-2D0C-4040-A719-88CDFE9EFA33}.Debug|Any CPU.ActiveCfg = Debug|Any CPU
		{1B530328-2D0C-4040-A719-88CDFE9EFA33}.Debug|Any CPU.Build.0 = Debug|Any CPU
		{1B530328-2D0C-4040-A719-88CDFE9EFA33}.Release|Any CPU.ActiveCfg = Release|Any CPU
		{1B530328-2D0C-4040-A719-88CDFE9EFA33}.Release|Any CPU.Build.0 = Release|Any CPU
		{A1C0AD02-3574-48FA-B916-331C01A119A3}.Debug|Any CPU.ActiveCfg = Debug|Any CPU
		{A1C0AD02-3574-48FA-B916-331C01A119A3}.Debug|Any CPU.Build.0 = Debug|Any CPU
		{A1C0AD02-3574-48FA-B916-331C01A119A3}.Release|Any CPU.ActiveCfg = Release|Any CPU
		{A1C0AD02-3574-48FA-B916-331C01A119A3}.Release|Any CPU.Build.0 = Release|Any CPU
		{5C035D91-665F-42C2-B452-C8CEECA3C4D6}.Debug|Any CPU.ActiveCfg = Debug|Any CPU
		{5C035D91-665F-42C2-B452-C8CEECA3C4D6}.Debug|Any CPU.Build.0 = Debug|Any CPU
		{5C035D91-665F-42C2-B452-C8CEECA3C4D6}.Release|Any CPU.ActiveCfg = Release|Any CPU
		{5C035D91-665F-42C2-B452-C8CEECA3C4D6}.Release|Any CPU.Build.0 = Release|Any CPU
		{9B246DF8-1388-4E26-B6CF-F8B33983D996}.Debug|Any CPU.ActiveCfg = Debug|Any CPU
		{9B246DF8-1388-4E26-B6CF-F8B33983D996}.Debug|Any CPU.Build.0 = Debug|Any CPU
		{9B246DF8-1388-4E26-B6CF-F8B33983D996}.Release|Any CPU.ActiveCfg = Release|Any CPU
		{9B246DF8-1388-4E26-B6CF-F8B33983D996}.Release|Any CPU.Build.0 = Release|Any CPU
		{FF00F17C-8DBA-44C4-B82E-45891DAD3D86}.Debug|Any CPU.ActiveCfg = Debug|Any CPU
		{FF00F17C-8DBA-44C4-B82E-45891DAD3D86}.Debug|Any CPU.Build.0 = Debug|Any CPU
		{FF00F17C-8DBA-44C4-B82E-45891DAD3D86}.Release|Any CPU.ActiveCfg = Release|Any CPU
		{FF00F17C-8DBA-44C4-B82E-45891DAD3D86}.Release|Any CPU.Build.0 = Release|Any CPU
		{FED9D169-9E88-4300-AFF8-FD03D3D6C434}.Debug|Any CPU.ActiveCfg = Debug|Any CPU
		{FED9D169-9E88-4300-AFF8-FD03D3D6C434}.Debug|Any CPU.Build.0 = Debug|Any CPU
		{FED9D169-9E88-4300-AFF8-FD03D3D6C434}.Release|Any CPU.ActiveCfg = Release|Any CPU
		{FED9D169-9E88-4300-AFF8-FD03D3D6C434}.Release|Any CPU.Build.0 = Release|Any CPU
		{7F202C2C-8A4B-499B-988C-43AA80EEF231}.Debug|Any CPU.ActiveCfg = Debug|Any CPU
		{7F202C2C-8A4B-499B-988C-43AA80EEF231}.Debug|Any CPU.Build.0 = Debug|Any CPU
		{7F202C2C-8A4B-499B-988C-43AA80EEF231}.Release|Any CPU.ActiveCfg = Release|Any CPU
		{7F202C2C-8A4B-499B-988C-43AA80EEF231}.Release|Any CPU.Build.0 = Release|Any CPU
		{EDD25A8A-36E1-45C1-AB38-B8DB14DD45DC}.Debug|Any CPU.ActiveCfg = Debug|Any CPU
		{EDD25A8A-36E1-45C1-AB38-B8DB14DD45DC}.Debug|Any CPU.Build.0 = Debug|Any CPU
		{EDD25A8A-36E1-45C1-AB38-B8DB14DD45DC}.Release|Any CPU.ActiveCfg = Release|Any CPU
		{EDD25A8A-36E1-45C1-AB38-B8DB14DD45DC}.Release|Any CPU.Build.0 = Release|Any CPU
		{6AE58DC2-1941-4EE6-B4DB-3EE487DA650E}.Debug|Any CPU.ActiveCfg = Debug|Any CPU
		{6AE58DC2-1941-4EE6-B4DB-3EE487DA650E}.Debug|Any CPU.Build.0 = Debug|Any CPU
		{6AE58DC2-1941-4EE6-B4DB-3EE487DA650E}.Release|Any CPU.ActiveCfg = Release|Any CPU
		{6AE58DC2-1941-4EE6-B4DB-3EE487DA650E}.Release|Any CPU.Build.0 = Release|Any CPU
		{AF3F4BD1-DF2C-4D46-89EA-C4AF23F606B4}.Debug|Any CPU.ActiveCfg = Debug|Any CPU
		{AF3F4BD1-DF2C-4D46-89EA-C4AF23F606B4}.Debug|Any CPU.Build.0 = Debug|Any CPU
		{AF3F4BD1-DF2C-4D46-89EA-C4AF23F606B4}.Release|Any CPU.ActiveCfg = Release|Any CPU
		{AF3F4BD1-DF2C-4D46-89EA-C4AF23F606B4}.Release|Any CPU.Build.0 = Release|Any CPU
		{AAB72E09-CEED-471C-B33F-48E6511A12C1}.Debug|Any CPU.ActiveCfg = Debug|Any CPU
		{AAB72E09-CEED-471C-B33F-48E6511A12C1}.Debug|Any CPU.Build.0 = Debug|Any CPU
		{AAB72E09-CEED-471C-B33F-48E6511A12C1}.Release|Any CPU.ActiveCfg = Release|Any CPU
		{AAB72E09-CEED-471C-B33F-48E6511A12C1}.Release|Any CPU.Build.0 = Release|Any CPU
		{814A4FE2-2F91-4D45-A76B-358BA682C68B}.Debug|Any CPU.ActiveCfg = Debug|Any CPU
		{814A4FE2-2F91-4D45-A76B-358BA682C68B}.Debug|Any CPU.Build.0 = Debug|Any CPU
		{814A4FE2-2F91-4D45-A76B-358BA682C68B}.Release|Any CPU.ActiveCfg = Release|Any CPU
		{814A4FE2-2F91-4D45-A76B-358BA682C68B}.Release|Any CPU.Build.0 = Release|Any CPU
		{6A0848C1-185E-4CE2-A28F-2A70318CD259}.Debug|Any CPU.ActiveCfg = Debug|Any CPU
		{6A0848C1-185E-4CE2-A28F-2A70318CD259}.Debug|Any CPU.Build.0 = Debug|Any CPU
		{6A0848C1-185E-4CE2-A28F-2A70318CD259}.Release|Any CPU.ActiveCfg = Release|Any CPU
		{6A0848C1-185E-4CE2-A28F-2A70318CD259}.Release|Any CPU.Build.0 = Release|Any CPU
		{0F2CD6A1-23FE-4E38-89DF-7DF46FF71F0A}.Debug|Any CPU.ActiveCfg = Debug|Any CPU
		{0F2CD6A1-23FE-4E38-89DF-7DF46FF71F0A}.Debug|Any CPU.Build.0 = Debug|Any CPU
		{0F2CD6A1-23FE-4E38-89DF-7DF46FF71F0A}.Release|Any CPU.ActiveCfg = Release|Any CPU
		{0F2CD6A1-23FE-4E38-89DF-7DF46FF71F0A}.Release|Any CPU.Build.0 = Release|Any CPU
	EndGlobalSection
	GlobalSection(SolutionProperties) = preSolution
		HideSolutionNode = FALSE
	EndGlobalSection
	GlobalSection(NestedProjects) = preSolution
		{C382A200-A6D2-4B05-971B-5A8C205F2DD5} = {AADDE45C-21BD-4F30-B0A7-B3FA1C5B8F9C}
		{70EB4453-ADF0-4E96-AF27-5E8DF374C526} = {AADDE45C-21BD-4F30-B0A7-B3FA1C5B8F9C}
		{DA48A848-1005-48A2-8AF7-503D52CBEC50} = {B3D25075-5CEA-4196-A065-8B2418C0F58B}
		{8A70861D-4566-4F52-BFE3-3187F87F57E7} = {B3D25075-5CEA-4196-A065-8B2418C0F58B}
		{B0200D7D-B870-46C6-A9A0-2DE162D76FA3} = {FC3E0620-4A15-484A-ABCE-717D74D3119A}
		{83DB7E60-7B73-4EB8-BDE3-5EFFD8237B50} = {FC3E0620-4A15-484A-ABCE-717D74D3119A}
		{0FAD1331-46C0-41C0-81B3-8A829134B128} = {9C1B3368-06A2-4F52-9909-290371C8C5CF}
		{65684D0D-8EFD-4FC3-A92A-FCE216FAB08A} = {9C1B3368-06A2-4F52-9909-290371C8C5CF}
		{F2D87FD5-2F38-4533-B33D-E0E143BA3959} = {DA48A848-1005-48A2-8AF7-503D52CBEC50}
		{BE40F6C6-54DC-4432-A9FB-4F1C328008EF} = {F2D87FD5-2F38-4533-B33D-E0E143BA3959}
		{52C9D0A6-6F70-470D-A2A0-B208E0959063} = {70EB4453-ADF0-4E96-AF27-5E8DF374C526}
		{DA386225-E7CB-4EEA-9858-E44F2A800FB0} = {8A70861D-4566-4F52-BFE3-3187F87F57E7}
		{F2CFAC6F-2280-496C-93B7-2D98153083E5} = {83DB7E60-7B73-4EB8-BDE3-5EFFD8237B50}
		{D9EE410D-798C-4E77-ACC1-1E482DD08534} = {65684D0D-8EFD-4FC3-A92A-FCE216FAB08A}
		{D13EA81F-0973-4B4F-8909-41033A04D0A3} = {C382A200-A6D2-4B05-971B-5A8C205F2DD5}
		{8F934963-6455-42B6-9960-8B2B3D9273D5} = {C382A200-A6D2-4B05-971B-5A8C205F2DD5}
		{60EEDB85-5EC2-4C8A-8E63-89DFECEF2728} = {DA48A848-1005-48A2-8AF7-503D52CBEC50}
		{C15317A4-FB7E-4B88-90B4-194F805D6DF8} = {DA48A848-1005-48A2-8AF7-503D52CBEC50}
		{F4901BAC-6256-43FB-9A35-47C3E19A3B7C} = {B0200D7D-B870-46C6-A9A0-2DE162D76FA3}
		{737E868B-3A10-48C6-84A3-F0B78A99B2AF} = {B0200D7D-B870-46C6-A9A0-2DE162D76FA3}
		{1D584CBB-B33C-4533-AC9A-DE363C8268DF} = {D13EA81F-0973-4B4F-8909-41033A04D0A3}
		{5467793B-BC3C-42A1-949C-60306B532864} = {8F934963-6455-42B6-9960-8B2B3D9273D5}
		{1B530328-2D0C-4040-A719-88CDFE9EFA33} = {F4901BAC-6256-43FB-9A35-47C3E19A3B7C}
		{A1C0AD02-3574-48FA-B916-331C01A119A3} = {737E868B-3A10-48C6-84A3-F0B78A99B2AF}
		{CF4C8424-E5FA-4B71-82AA-970A69F4B839} = {0FAD1331-46C0-41C0-81B3-8A829134B128}
		{00347DA4-98B8-4F93-9BD3-E2D2C61451FD} = {0FAD1331-46C0-41C0-81B3-8A829134B128}
		{5C035D91-665F-42C2-B452-C8CEECA3C4D6} = {CF4C8424-E5FA-4B71-82AA-970A69F4B839}
		{9B246DF8-1388-4E26-B6CF-F8B33983D996} = {00347DA4-98B8-4F93-9BD3-E2D2C61451FD}
		{FF00F17C-8DBA-44C4-B82E-45891DAD3D86} = {60EEDB85-5EC2-4C8A-8E63-89DFECEF2728}
		{FED9D169-9E88-4300-AFF8-FD03D3D6C434} = {C15317A4-FB7E-4B88-90B4-194F805D6DF8}
		{7F202C2C-8A4B-499B-988C-43AA80EEF231} = {70EB4453-ADF0-4E96-AF27-5E8DF374C526}
		{EDD25A8A-36E1-45C1-AB38-B8DB14DD45DC} = {8A70861D-4566-4F52-BFE3-3187F87F57E7}
		{6AE58DC2-1941-4EE6-B4DB-3EE487DA650E} = {8A70861D-4566-4F52-BFE3-3187F87F57E7}
		{AF3F4BD1-DF2C-4D46-89EA-C4AF23F606B4} = {70EB4453-ADF0-4E96-AF27-5E8DF374C526}
		{AAB72E09-CEED-471C-B33F-48E6511A12C1} = {8A70861D-4566-4F52-BFE3-3187F87F57E7}
		{814A4FE2-2F91-4D45-A76B-358BA682C68B} = {65684D0D-8EFD-4FC3-A92A-FCE216FAB08A}
		{6A0848C1-185E-4CE2-A28F-2A70318CD259} = {8A70861D-4566-4F52-BFE3-3187F87F57E7}
		{0F2CD6A1-23FE-4E38-89DF-7DF46FF71F0A} = {F2D87FD5-2F38-4533-B33D-E0E143BA3959}
	EndGlobalSection
	GlobalSection(ExtensibilityGlobals) = postSolution
		SolutionGuid = {3D371503-AAB8-498A-A5ED-10F3AA246EFB}
	EndGlobalSection
EndGlobal
